
Microsoft Visual Studio Solution File, Format Version 12.00
# Visual Studio Version 17
VisualStudioVersion = 17.10.35122.118
MinimumVisualStudioVersion = 10.0.40219.1
Project("{FAE04EC0-301F-11D3-BF4B-00C04F79EFBC}") = "NhomSeven", "NhomSeven.csproj", "{459B591D-463B-4415-BFB9-A955BD30868D}"
EndProject
Global
	GlobalSection(SolutionConfigurationPlatforms) = preSolution
		Debug|Any CPU = Debug|Any CPU
		Release|Any CPU = Release|Any CPU
	EndGlobalSection
	GlobalSection(ProjectConfigurationPlatforms) = postSolution
		{459B591D-463B-4415-BFB9-A955BD30868D}.Debug|Any CPU.ActiveCfg = Debug|Any CPU
		{459B591D-463B-4415-BFB9-A955BD30868D}.Debug|Any CPU.Build.0 = Debug|Any CPU
		{459B591D-463B-4415-BFB9-A955BD30868D}.Release|Any CPU.ActiveCfg = Release|Any CPU
		{459B591D-463B-4415-BFB9-A955BD30868D}.Release|Any CPU.Build.0 = Release|Any CPU
	EndGlobalSection
	GlobalSection(SolutionProperties) = preSolution
		HideSolutionNode = FALSE
	EndGlobalSection
	GlobalSection(ExtensibilityGlobals) = postSolution
		SolutionGuid = {57A0B8B6-578C-43CD-A57A-0C66BC5764A2}
	EndGlobalSection
EndGlobal
